
Microsoft Visual Studio Solution File, Format Version 12.00
# Visual Studio Version 17
VisualStudioVersion = 17.5.002.0
MinimumVisualStudioVersion = 10.0.40219.1
Project("{2150E333-8FDC-42A3-9474-1A3956D46DE8}") = "Lesson_1", "Lesson_1", "{2D637ED4-850B-478A-9B88-AAD9B7561D56}"
EndProject
Project("{9A19103F-16F7-4668-BE54-9A1E7A4F7556}") = "1_1", "Lesson_1\1_1\1_1.csproj", "{C2F83E25-3C3C-4678-AF65-62960DC4F489}"
EndProject
Project("{9A19103F-16F7-4668-BE54-9A1E7A4F7556}") = "1_2", "Lesson_1\1_2\1_2.csproj", "{82FD238F-992B-4618-A98A-ABBC55CCDFD6}"
EndProject
Project("{9A19103F-16F7-4668-BE54-9A1E7A4F7556}") = "HW", "Lesson_1\HW\HW.csproj", "{CED9A39B-5DB6-4A9F-AA4D-51A883D02D0E}"
EndProject
Project("{2150E333-8FDC-42A3-9474-1A3956D46DE8}") = "Lesson_2", "Lesson_2", "{1CD63290-2D3E-4AAE-8AA4-BA4D1561A6BC}"
EndProject
Project("{9A19103F-16F7-4668-BE54-9A1E7A4F7556}") = "2_1", "Lesson_2\2_1\2_1.csproj", "{8C924D2E-8586-4918-8CBD-D4F72A1EF862}"
EndProject
Project("{9A19103F-16F7-4668-BE54-9A1E7A4F7556}") = "2_2", "Lesson_2\2_2\2_2.csproj", "{FAC97F9A-5BB8-4342-962D-5E4953363AAE}"
EndProject
Project("{9A19103F-16F7-4668-BE54-9A1E7A4F7556}") = "2_3", "Lesson_2\2_3\2_3.csproj", "{8F86767F-2B95-498E-8C6C-F7192C7F8E78}"
EndProject
Project("{9A19103F-16F7-4668-BE54-9A1E7A4F7556}") = "2_4", "Lesson_2\2_4\2_4.csproj", "{0DB5D1F3-223C-4D8A-9FC7-82B791FA5D09}"
EndProject
Project("{2150E333-8FDC-42A3-9474-1A3956D46DE8}") = "Lesson_3", "Lesson_3", "{B43A3104-CF36-471B-B3DC-4A0244EB318B}"
EndProject
Project("{9A19103F-16F7-4668-BE54-9A1E7A4F7556}") = "3_1", "Lesson_3\3_1\3_1.csproj", "{3DB44395-0919-4548-BDD6-B8EF36D080D9}"
EndProject
Project("{9A19103F-16F7-4668-BE54-9A1E7A4F7556}") = "3_2", "Lesson_3\3_2\3_2.csproj", "{4B04583E-C404-446A-9012-4E82A57784F1}"
EndProject
Project("{9A19103F-16F7-4668-BE54-9A1E7A4F7556}") = "3_3", "Lesson_3\3_3\3_3.csproj", "{A8766E15-5401-43D1-9FC3-5E8324705C3B}"
EndProject
Project("{9A19103F-16F7-4668-BE54-9A1E7A4F7556}") = "3_3A", "Lesson_3\3_3A\3_3A.csproj", "{3A029815-6417-4A46-BC52-A99EB38E7A2E}"
EndProject
Project("{9A19103F-16F7-4668-BE54-9A1E7A4F7556}") = "3_4", "Lesson_3\3_4\3_4.csproj", "{CE6F25B7-CF33-403C-9B8C-F2446F64C4EA}"
EndProject
Project("{9A19103F-16F7-4668-BE54-9A1E7A4F7556}") = "Templates", "Lesson_3\Templates\Templates.csproj", "{B129E14D-CC49-463B-B046-90155EE7A1CB}"
EndProject
Project("{2150E333-8FDC-42A3-9474-1A3956D46DE8}") = "Lesson_4", "Lesson_4", "{A51BECD7-88E9-4487-8F6B-6C100997482D}"
EndProject
Project("{9A19103F-16F7-4668-BE54-9A1E7A4F7556}") = "4_1", "Lesson_4\4_1\4_1.csproj", "{7C426A10-81AF-414B-B6DF-E7AA3334AB97}"
EndProject
Project("{2150E333-8FDC-42A3-9474-1A3956D46DE8}") = "HW", "HW", "{32145BB6-8F2E-4218-A7AC-4E99A92D87A6}"
EndProject
Project("{9A19103F-16F7-4668-BE54-9A1E7A4F7556}") = "HW2.1", "Lesson_2\HW\HW2.1\HW2.1.csproj", "{C2215B86-F88F-4CA7-9C1E-C85B4105B2FE}"
EndProject
Project("{9A19103F-16F7-4668-BE54-9A1E7A4F7556}") = "HW2.2", "Lesson_2\HW\HW2.2\HW2.2.csproj", "{0EE3826C-3CEE-465B-B1B7-E2D405FF7703}"
EndProject
Project("{9A19103F-16F7-4668-BE54-9A1E7A4F7556}") = "HW2.3", "Lesson_2\HW\HW2.3\HW2.3.csproj", "{69FF4796-3FC0-4ED6-98D2-F2A2189BE829}"
EndProject
Project("{9A19103F-16F7-4668-BE54-9A1E7A4F7556}") = "HW2.4", "Lesson_2\HW\HW2.4\HW2.4.csproj", "{71B0C5D9-FC1A-4F85-8F59-42D8632C97B0}"
EndProject
Project("{2150E333-8FDC-42A3-9474-1A3956D46DE8}") = "HW", "HW", "{0567CBB8-DCA7-4D36-93E0-899A146DE39F}"
EndProject
Project("{9A19103F-16F7-4668-BE54-9A1E7A4F7556}") = "HW3_1", "Lesson_3\HW\HW3_1\HW3_1.csproj", "{38A30296-110A-4915-806C-FEC3F0FBF787}"
EndProject
Project("{9A19103F-16F7-4668-BE54-9A1E7A4F7556}") = "HW3_2", "Lesson_3\HW\HW3_2\HW3_2.csproj", "{10C44E47-AF77-4A7B-81C8-3567EC56AF7C}"
EndProject
Project("{9A19103F-16F7-4668-BE54-9A1E7A4F7556}") = "HW3_3", "Lesson_3\HW\HW3_3\HW3_3.csproj", "{22B51A42-593F-44C8-8069-76943D04EE79}"
EndProject
Global
	GlobalSection(SolutionConfigurationPlatforms) = preSolution
		Debug|Any CPU = Debug|Any CPU
		Release|Any CPU = Release|Any CPU
	EndGlobalSection
	GlobalSection(ProjectConfigurationPlatforms) = postSolution
		{C2F83E25-3C3C-4678-AF65-62960DC4F489}.Debug|Any CPU.ActiveCfg = Debug|Any CPU
		{C2F83E25-3C3C-4678-AF65-62960DC4F489}.Debug|Any CPU.Build.0 = Debug|Any CPU
		{C2F83E25-3C3C-4678-AF65-62960DC4F489}.Release|Any CPU.ActiveCfg = Release|Any CPU
		{C2F83E25-3C3C-4678-AF65-62960DC4F489}.Release|Any CPU.Build.0 = Release|Any CPU
		{82FD238F-992B-4618-A98A-ABBC55CCDFD6}.Debug|Any CPU.ActiveCfg = Debug|Any CPU
		{82FD238F-992B-4618-A98A-ABBC55CCDFD6}.Debug|Any CPU.Build.0 = Debug|Any CPU
		{82FD238F-992B-4618-A98A-ABBC55CCDFD6}.Release|Any CPU.ActiveCfg = Release|Any CPU
		{82FD238F-992B-4618-A98A-ABBC55CCDFD6}.Release|Any CPU.Build.0 = Release|Any CPU
		{CED9A39B-5DB6-4A9F-AA4D-51A883D02D0E}.Debug|Any CPU.ActiveCfg = Debug|Any CPU
		{CED9A39B-5DB6-4A9F-AA4D-51A883D02D0E}.Debug|Any CPU.Build.0 = Debug|Any CPU
		{CED9A39B-5DB6-4A9F-AA4D-51A883D02D0E}.Release|Any CPU.ActiveCfg = Release|Any CPU
		{CED9A39B-5DB6-4A9F-AA4D-51A883D02D0E}.Release|Any CPU.Build.0 = Release|Any CPU
		{8C924D2E-8586-4918-8CBD-D4F72A1EF862}.Debug|Any CPU.ActiveCfg = Debug|Any CPU
		{8C924D2E-8586-4918-8CBD-D4F72A1EF862}.Debug|Any CPU.Build.0 = Debug|Any CPU
		{8C924D2E-8586-4918-8CBD-D4F72A1EF862}.Release|Any CPU.ActiveCfg = Release|Any CPU
		{8C924D2E-8586-4918-8CBD-D4F72A1EF862}.Release|Any CPU.Build.0 = Release|Any CPU
		{FAC97F9A-5BB8-4342-962D-5E4953363AAE}.Debug|Any CPU.ActiveCfg = Debug|Any CPU
		{FAC97F9A-5BB8-4342-962D-5E4953363AAE}.Debug|Any CPU.Build.0 = Debug|Any CPU
		{FAC97F9A-5BB8-4342-962D-5E4953363AAE}.Release|Any CPU.ActiveCfg = Release|Any CPU
		{FAC97F9A-5BB8-4342-962D-5E4953363AAE}.Release|Any CPU.Build.0 = Release|Any CPU
		{8F86767F-2B95-498E-8C6C-F7192C7F8E78}.Debug|Any CPU.ActiveCfg = Debug|Any CPU
		{8F86767F-2B95-498E-8C6C-F7192C7F8E78}.Debug|Any CPU.Build.0 = Debug|Any CPU
		{8F86767F-2B95-498E-8C6C-F7192C7F8E78}.Release|Any CPU.ActiveCfg = Release|Any CPU
		{8F86767F-2B95-498E-8C6C-F7192C7F8E78}.Release|Any CPU.Build.0 = Release|Any CPU
		{0DB5D1F3-223C-4D8A-9FC7-82B791FA5D09}.Debug|Any CPU.ActiveCfg = Debug|Any CPU
		{0DB5D1F3-223C-4D8A-9FC7-82B791FA5D09}.Debug|Any CPU.Build.0 = Debug|Any CPU
		{0DB5D1F3-223C-4D8A-9FC7-82B791FA5D09}.Release|Any CPU.ActiveCfg = Release|Any CPU
		{0DB5D1F3-223C-4D8A-9FC7-82B791FA5D09}.Release|Any CPU.Build.0 = Release|Any CPU
		{3DB44395-0919-4548-BDD6-B8EF36D080D9}.Debug|Any CPU.ActiveCfg = Debug|Any CPU
		{3DB44395-0919-4548-BDD6-B8EF36D080D9}.Debug|Any CPU.Build.0 = Debug|Any CPU
		{3DB44395-0919-4548-BDD6-B8EF36D080D9}.Release|Any CPU.ActiveCfg = Release|Any CPU
		{3DB44395-0919-4548-BDD6-B8EF36D080D9}.Release|Any CPU.Build.0 = Release|Any CPU
		{4B04583E-C404-446A-9012-4E82A57784F1}.Debug|Any CPU.ActiveCfg = Debug|Any CPU
		{4B04583E-C404-446A-9012-4E82A57784F1}.Debug|Any CPU.Build.0 = Debug|Any CPU
		{4B04583E-C404-446A-9012-4E82A57784F1}.Release|Any CPU.ActiveCfg = Release|Any CPU
		{4B04583E-C404-446A-9012-4E82A57784F1}.Release|Any CPU.Build.0 = Release|Any CPU
		{A8766E15-5401-43D1-9FC3-5E8324705C3B}.Debug|Any CPU.ActiveCfg = Debug|Any CPU
		{A8766E15-5401-43D1-9FC3-5E8324705C3B}.Debug|Any CPU.Build.0 = Debug|Any CPU
		{A8766E15-5401-43D1-9FC3-5E8324705C3B}.Release|Any CPU.ActiveCfg = Release|Any CPU
		{A8766E15-5401-43D1-9FC3-5E8324705C3B}.Release|Any CPU.Build.0 = Release|Any CPU
		{3A029815-6417-4A46-BC52-A99EB38E7A2E}.Debug|Any CPU.ActiveCfg = Debug|Any CPU
		{3A029815-6417-4A46-BC52-A99EB38E7A2E}.Debug|Any CPU.Build.0 = Debug|Any CPU
		{3A029815-6417-4A46-BC52-A99EB38E7A2E}.Release|Any CPU.ActiveCfg = Release|Any CPU
		{3A029815-6417-4A46-BC52-A99EB38E7A2E}.Release|Any CPU.Build.0 = Release|Any CPU
		{CE6F25B7-CF33-403C-9B8C-F2446F64C4EA}.Debug|Any CPU.ActiveCfg = Debug|Any CPU
		{CE6F25B7-CF33-403C-9B8C-F2446F64C4EA}.Debug|Any CPU.Build.0 = Debug|Any CPU
		{CE6F25B7-CF33-403C-9B8C-F2446F64C4EA}.Release|Any CPU.ActiveCfg = Release|Any CPU
		{CE6F25B7-CF33-403C-9B8C-F2446F64C4EA}.Release|Any CPU.Build.0 = Release|Any CPU
		{B129E14D-CC49-463B-B046-90155EE7A1CB}.Debug|Any CPU.ActiveCfg = Debug|Any CPU
		{B129E14D-CC49-463B-B046-90155EE7A1CB}.Debug|Any CPU.Build.0 = Debug|Any CPU
		{B129E14D-CC49-463B-B046-90155EE7A1CB}.Release|Any CPU.ActiveCfg = Release|Any CPU
		{B129E14D-CC49-463B-B046-90155EE7A1CB}.Release|Any CPU.Build.0 = Release|Any CPU
		{7C426A10-81AF-414B-B6DF-E7AA3334AB97}.Debug|Any CPU.ActiveCfg = Debug|Any CPU
		{7C426A10-81AF-414B-B6DF-E7AA3334AB97}.Debug|Any CPU.Build.0 = Debug|Any CPU
		{7C426A10-81AF-414B-B6DF-E7AA3334AB97}.Release|Any CPU.ActiveCfg = Release|Any CPU
		{7C426A10-81AF-414B-B6DF-E7AA3334AB97}.Release|Any CPU.Build.0 = Release|Any CPU
		{C2215B86-F88F-4CA7-9C1E-C85B4105B2FE}.Debug|Any CPU.ActiveCfg = Debug|Any CPU
		{C2215B86-F88F-4CA7-9C1E-C85B4105B2FE}.Debug|Any CPU.Build.0 = Debug|Any CPU
		{C2215B86-F88F-4CA7-9C1E-C85B4105B2FE}.Release|Any CPU.ActiveCfg = Release|Any CPU
		{C2215B86-F88F-4CA7-9C1E-C85B4105B2FE}.Release|Any CPU.Build.0 = Release|Any CPU
		{0EE3826C-3CEE-465B-B1B7-E2D405FF7703}.Debug|Any CPU.ActiveCfg = Debug|Any CPU
		{0EE3826C-3CEE-465B-B1B7-E2D405FF7703}.Debug|Any CPU.Build.0 = Debug|Any CPU
		{0EE3826C-3CEE-465B-B1B7-E2D405FF7703}.Release|Any CPU.ActiveCfg = Release|Any CPU
		{0EE3826C-3CEE-465B-B1B7-E2D405FF7703}.Release|Any CPU.Build.0 = Release|Any CPU
		{69FF4796-3FC0-4ED6-98D2-F2A2189BE829}.Debug|Any CPU.ActiveCfg = Debug|Any CPU
		{69FF4796-3FC0-4ED6-98D2-F2A2189BE829}.Debug|Any CPU.Build.0 = Debug|Any CPU
		{69FF4796-3FC0-4ED6-98D2-F2A2189BE829}.Release|Any CPU.ActiveCfg = Release|Any CPU
		{69FF4796-3FC0-4ED6-98D2-F2A2189BE829}.Release|Any CPU.Build.0 = Release|Any CPU
		{71B0C5D9-FC1A-4F85-8F59-42D8632C97B0}.Debug|Any CPU.ActiveCfg = Debug|Any CPU
		{71B0C5D9-FC1A-4F85-8F59-42D8632C97B0}.Debug|Any CPU.Build.0 = Debug|Any CPU
		{71B0C5D9-FC1A-4F85-8F59-42D8632C97B0}.Release|Any CPU.ActiveCfg = Release|Any CPU
		{71B0C5D9-FC1A-4F85-8F59-42D8632C97B0}.Release|Any CPU.Build.0 = Release|Any CPU
		{38A30296-110A-4915-806C-FEC3F0FBF787}.Debug|Any CPU.ActiveCfg = Debug|Any CPU
		{38A30296-110A-4915-806C-FEC3F0FBF787}.Debug|Any CPU.Build.0 = Debug|Any CPU
		{38A30296-110A-4915-806C-FEC3F0FBF787}.Release|Any CPU.ActiveCfg = Release|Any CPU
		{38A30296-110A-4915-806C-FEC3F0FBF787}.Release|Any CPU.Build.0 = Release|Any CPU
		{10C44E47-AF77-4A7B-81C8-3567EC56AF7C}.Debug|Any CPU.ActiveCfg = Debug|Any CPU
		{10C44E47-AF77-4A7B-81C8-3567EC56AF7C}.Debug|Any CPU.Build.0 = Debug|Any CPU
		{10C44E47-AF77-4A7B-81C8-3567EC56AF7C}.Release|Any CPU.ActiveCfg = Release|Any CPU
		{10C44E47-AF77-4A7B-81C8-3567EC56AF7C}.Release|Any CPU.Build.0 = Release|Any CPU
		{22B51A42-593F-44C8-8069-76943D04EE79}.Debug|Any CPU.ActiveCfg = Debug|Any CPU
		{22B51A42-593F-44C8-8069-76943D04EE79}.Debug|Any CPU.Build.0 = Debug|Any CPU
		{22B51A42-593F-44C8-8069-76943D04EE79}.Release|Any CPU.ActiveCfg = Release|Any CPU
		{22B51A42-593F-44C8-8069-76943D04EE79}.Release|Any CPU.Build.0 = Release|Any CPU
	EndGlobalSection
	GlobalSection(SolutionProperties) = preSolution
		HideSolutionNode = FALSE
	EndGlobalSection
	GlobalSection(NestedProjects) = preSolution
		{C2F83E25-3C3C-4678-AF65-62960DC4F489} = {2D637ED4-850B-478A-9B88-AAD9B7561D56}
		{82FD238F-992B-4618-A98A-ABBC55CCDFD6} = {2D637ED4-850B-478A-9B88-AAD9B7561D56}
		{CED9A39B-5DB6-4A9F-AA4D-51A883D02D0E} = {2D637ED4-850B-478A-9B88-AAD9B7561D56}
		{8C924D2E-8586-4918-8CBD-D4F72A1EF862} = {1CD63290-2D3E-4AAE-8AA4-BA4D1561A6BC}
		{FAC97F9A-5BB8-4342-962D-5E4953363AAE} = {1CD63290-2D3E-4AAE-8AA4-BA4D1561A6BC}
		{8F86767F-2B95-498E-8C6C-F7192C7F8E78} = {1CD63290-2D3E-4AAE-8AA4-BA4D1561A6BC}
		{0DB5D1F3-223C-4D8A-9FC7-82B791FA5D09} = {1CD63290-2D3E-4AAE-8AA4-BA4D1561A6BC}
		{3DB44395-0919-4548-BDD6-B8EF36D080D9} = {B43A3104-CF36-471B-B3DC-4A0244EB318B}
		{4B04583E-C404-446A-9012-4E82A57784F1} = {B43A3104-CF36-471B-B3DC-4A0244EB318B}
		{A8766E15-5401-43D1-9FC3-5E8324705C3B} = {B43A3104-CF36-471B-B3DC-4A0244EB318B}
		{3A029815-6417-4A46-BC52-A99EB38E7A2E} = {B43A3104-CF36-471B-B3DC-4A0244EB318B}
		{CE6F25B7-CF33-403C-9B8C-F2446F64C4EA} = {B43A3104-CF36-471B-B3DC-4A0244EB318B}
		{B129E14D-CC49-463B-B046-90155EE7A1CB} = {B43A3104-CF36-471B-B3DC-4A0244EB318B}
		{7C426A10-81AF-414B-B6DF-E7AA3334AB97} = {A51BECD7-88E9-4487-8F6B-6C100997482D}
		{32145BB6-8F2E-4218-A7AC-4E99A92D87A6} = {1CD63290-2D3E-4AAE-8AA4-BA4D1561A6BC}
		{C2215B86-F88F-4CA7-9C1E-C85B4105B2FE} = {32145BB6-8F2E-4218-A7AC-4E99A92D87A6}
		{0EE3826C-3CEE-465B-B1B7-E2D405FF7703} = {32145BB6-8F2E-4218-A7AC-4E99A92D87A6}
		{69FF4796-3FC0-4ED6-98D2-F2A2189BE829} = {32145BB6-8F2E-4218-A7AC-4E99A92D87A6}
		{71B0C5D9-FC1A-4F85-8F59-42D8632C97B0} = {32145BB6-8F2E-4218-A7AC-4E99A92D87A6}
		{0567CBB8-DCA7-4D36-93E0-899A146DE39F} = {B43A3104-CF36-471B-B3DC-4A0244EB318B}
		{38A30296-110A-4915-806C-FEC3F0FBF787} = {0567CBB8-DCA7-4D36-93E0-899A146DE39F}
		{10C44E47-AF77-4A7B-81C8-3567EC56AF7C} = {0567CBB8-DCA7-4D36-93E0-899A146DE39F}
		{22B51A42-593F-44C8-8069-76943D04EE79} = {0567CBB8-DCA7-4D36-93E0-899A146DE39F}
	EndGlobalSection
	GlobalSection(ExtensibilityGlobals) = postSolution
		SolutionGuid = {060F7143-5E6A-4F17-9571-7C6A1F0816BD}
	EndGlobalSection
EndGlobal
